
Microsoft Visual Studio Solution File, Format Version 12.00
# Visual Studio Version 16
VisualStudioVersion = 16.0.30804.86
MinimumVisualStudioVersion = 10.0.40219.1
Project("{9A19103F-16F7-4668-BE54-9A1E7A4F7556}") = "NetworkSocket", "NetworkSocket\NetworkSocket.csproj", "{80D0FA44-523B-4E68-BDC2-B12901D5855B}"
EndProject
Project("{FAE04EC0-301F-11D3-BF4B-00C04F79EFBC}") = "example", "example\example.csproj", "{6FC3F8DB-6939-4900-9525-8FB939564A71}"
EndProject
Global
	GlobalSection(SolutionConfigurationPlatforms) = preSolution
		Debug|Any CPU = Debug|Any CPU
		Debug|Mixed Platforms = Debug|Mixed Platforms
		Debug|x86 = Debug|x86
		Release|Any CPU = Release|Any CPU
		Release|Mixed Platforms = Release|Mixed Platforms
		Release|x86 = Release|x86
	EndGlobalSection
	GlobalSection(ProjectConfigurationPlatforms) = postSolution
		{80D0FA44-523B-4E68-BDC2-B12901D5855B}.Debug|Any CPU.ActiveCfg = Debug|Any CPU
		{80D0FA44-523B-4E68-BDC2-B12901D5855B}.Debug|Any CPU.Build.0 = Debug|Any CPU
		{80D0FA44-523B-4E68-BDC2-B12901D5855B}.Debug|Mixed Platforms.ActiveCfg = Debug|Any CPU
		{80D0FA44-523B-4E68-BDC2-B12901D5855B}.Debug|Mixed Platforms.Build.0 = Debug|Any CPU
		{80D0FA44-523B-4E68-BDC2-B12901D5855B}.Debug|x86.ActiveCfg = Debug|Any CPU
		{80D0FA44-523B-4E68-BDC2-B12901D5855B}.Release|Any CPU.ActiveCfg = Release|Any CPU
		{80D0FA44-523B-4E68-BDC2-B12901D5855B}.Release|Any CPU.Build.0 = Release|Any CPU
		{80D0FA44-523B-4E68-BDC2-B12901D5855B}.Release|Mixed Platforms.ActiveCfg = Release|Any CPU
		{80D0FA44-523B-4E68-BDC2-B12901D5855B}.Release|Mixed Platforms.Build.0 = Release|Any CPU
		{80D0FA44-523B-4E68-BDC2-B12901D5855B}.Release|x86.ActiveCfg = Release|Any CPU
		{6FC3F8DB-6939-4900-9525-8FB939564A71}.Debug|Any CPU.ActiveCfg = Debug|Any CPU
		{6FC3F8DB-6939-4900-9525-8FB939564A71}.Debug|Any CPU.Build.0 = Debug|Any CPU
		{6FC3F8DB-6939-4900-9525-8FB939564A71}.Debug|Mixed Platforms.ActiveCfg = Debug|Any CPU
		{6FC3F8DB-6939-4900-9525-8FB939564A71}.Debug|Mixed Platforms.Build.0 = Debug|Any CPU
		{6FC3F8DB-6939-4900-9525-8FB939564A71}.Debug|x86.ActiveCfg = Debug|Any CPU
		{6FC3F8DB-6939-4900-9525-8FB939564A71}.Debug|x86.Build.0 = Debug|Any CPU
		{6FC3F8DB-6939-4900-9525-8FB939564A71}.Release|Any CPU.ActiveCfg = Release|Any CPU
		{6FC3F8DB-6939-4900-9525-8FB939564A71}.Release|Any CPU.Build.0 = Release|Any CPU
		{6FC3F8DB-6939-4900-9525-8FB939564A71}.Release|Mixed Platforms.ActiveCfg = Release|Any CPU
		{6FC3F8DB-6939-4900-9525-8FB939564A71}.Release|Mixed Platforms.Build.0 = Release|Any CPU
		{6FC3F8DB-6939-4900-9525-8FB939564A71}.Release|x86.ActiveCfg = Release|Any CPU
		{6FC3F8DB-6939-4900-9525-8FB939564A71}.Release|x86.Build.0 = Release|Any CPU
	EndGlobalSection
	GlobalSection(SolutionProperties) = preSolution
		HideSolutionNode = FALSE
	EndGlobalSection
	GlobalSection(ExtensibilityGlobals) = postSolution
		SolutionGuid = {BD8D2F5E-D6D6-47A7-9F66-6A38FACDC58F}
	EndGlobalSection
	GlobalSection(MonoDevelopProperties) = preSolution
		StartupItem = Demo\Server\Server.csproj
	EndGlobalSection
EndGlobal
